
Microsoft Visual Studio Solution File, Format Version 12.00
Project("{FAE04EC0-301F-11D3-BF4B-00C04F79EFBC}") = "valorantFinder", "valorantFinder\valorantFinder.csproj", "{CBBF6C70-00D9-45D3-95AF-7131E60F3F72}"
EndProject
Global
	GlobalSection(SolutionConfigurationPlatforms) = preSolution
		Debug|Any CPU = Debug|Any CPU
		Release|Any CPU = Release|Any CPU
	EndGlobalSection
	GlobalSection(ProjectConfigurationPlatforms) = postSolution
		{CBBF6C70-00D9-45D3-95AF-7131E60F3F72}.Debug|Any CPU.ActiveCfg = Debug|Any CPU
		{CBBF6C70-00D9-45D3-95AF-7131E60F3F72}.Debug|Any CPU.Build.0 = Debug|Any CPU
		{CBBF6C70-00D9-45D3-95AF-7131E60F3F72}.Release|Any CPU.ActiveCfg = Release|Any CPU
		{CBBF6C70-00D9-45D3-95AF-7131E60F3F72}.Release|Any CPU.Build.0 = Release|Any CPU
	EndGlobalSection
EndGlobal
